{
  "name": "nextcloud-typings",
  "version": "0.0.7",
  "lockfileVersion": 1,
  "requires": true,
  "dependencies": {
    "@types/jquery": {
      "version": "2.0.53",
      "resolved": "https://registry.npmjs.org/@types/jquery/-/jquery-2.0.53.tgz",
      "integrity": "sha512-MZKPWUhp5TKkoJ/58NSq6io+CSUCOHm2b3Z6U4+r9v70kktB0JM+eRjdp6YmDHtw0kK2XB7L2K7/FMIoziHjUA=="
    },
    "typescript": {
      "version": "3.5.2",
      "resolved": "https://registry.npmjs.org/typescript/-/typescript-3.5.2.tgz",
      "integrity": "sha512-7KxJovlYhTX5RaRbUdkAXN1KUZ8PwWlTzQdHV6xNqvuFOs7+WBo10TQUqT19Q/Jz2hk5v9TQDIhyLhhJY4p5AA==",
      "dev": true
    }
  }
}
